{
  "requires": true,
  "lockfileVersion": 1,
  "dependencies": {
    "angular": {
      "version": "1.6.9",
      "resolved": "https://registry.npmjs.org/angular/-/angular-1.6.9.tgz",
      "integrity": "sha512-6igWH2GIsxV+J38wNWCh8oyjaZsrIPIDO35twloIUyjlF2Yit6UyLAWujHP05ma/LFxTsx4NtYibRoMNBXPR1A=="
    },
    "bootstrap": {
      "version": "3.3.7",
      "resolved": "https://registry.npmjs.org/bootstrap/-/bootstrap-3.3.7.tgz",
      "integrity": "sha1-WjiTlFSfIzMIdaOxUGVldPip63E="
    },
    "decouple": {
      "version": "0.0.2",
      "resolved": "https://registry.npmjs.org/decouple/-/decouple-0.0.2.tgz",
      "integrity": "sha1-yzc2QMN/mHpfaGZyTM1CSoD52aI="
    },
    "emitter": {
      "version": "git+https://github.com/Mango/emitter.git#41ab8a3956269c7ed468bde50203e15b3274152f"
    },
    "jquery": {
      "version": "3.3.1",
      "resolved": "https://registry.npmjs.org/jquery/-/jquery-3.3.1.tgz",
      "integrity": "sha512-Ubldcmxp5np52/ENotGxlLe6aGMvmF4R8S6tZjsP6Knsaxd/xp3Zrh50cG93lR6nPXyUFwzN3ZSOQI0wRJNdGg=="
    },
    "slideout": {
      "version": "1.0.1",
      "resolved": "https://registry.npmjs.org/slideout/-/slideout-1.0.1.tgz",
      "integrity": "sha1-SfL71+QVX+Db5tlZOPASJDVl9iU=",
      "requires": {
        "decouple": "0.0.2",
        "emitter": "git+https://github.com/Mango/emitter.git#41ab8a3956269c7ed468bde50203e15b3274152f"
      }
    }
  }
}
